{
  "requires": true,
  "lockfileVersion": 1,
  "dependencies": {
    "minimist": {
      "version": "0.0.8",
      "resolved": "https://registry.npmjs.org/minimist/-/minimist-0.0.8.tgz",
      "integrity": "sha1-hX/Kv8M5fSYluCKCYuhqp6ARsF0="
    },
    "mkdirp": {
      "version": "0.5.1",
      "resolved": "https://registry.npmjs.org/mkdirp/-/mkdirp-0.5.1.tgz",
      "integrity": "sha1-MAV0OOrGz3+MR2fzhkjWaX11yQM=",
      "requires": {
        "minimist": "0.0.8"
      }
    },
    "properties-reader": {
      "version": "1.0.0",
      "resolved": "https://registry.npmjs.org/properties-reader/-/properties-reader-1.0.0.tgz",
      "integrity": "sha512-bTjPVya6wFErwwOP3CasaRoyZ7n6sAt/MMJnDxBp3As7h2J19vmjCZX+Iw7YV0TqBPcA8i/Df/rxiCNutzEXZQ==",
      "requires": {
        "mkdirp": "0.5.1"
      }
    }
  }
}
